
Microsoft Visual Studio Solution File, Format Version 12.00
Project("{FAE04EC0-301F-11D3-BF4B-00C04F79EFBC}") = "WebAPI", "WebAPI\WebAPI.csproj", "{BD4E9ADC-FCC4-4499-BBD8-FE28FC5503B2}"
EndProject
Project("{FAE04EC0-301F-11D3-BF4B-00C04F79EFBC}") = "DataAccess", "DataAccess\DataAccess.csproj", "{4939D63A-0CCA-4CF1-9A05-414F91759896}"
EndProject
Project("{FAE04EC0-301F-11D3-BF4B-00C04F79EFBC}") = "Entities", "Entities\Entities.csproj", "{98CEDC84-BAC1-4A8E-AA7E-67DB7E62AAD9}"
EndProject
Project("{FAE04EC0-301F-11D3-BF4B-00C04F79EFBC}") = "Core", "Core\Core.csproj", "{D971C81E-F644-476B-93C3-3C3C0ED4AB8F}"
EndProject
Global
	GlobalSection(SolutionConfigurationPlatforms) = preSolution
		Debug|Any CPU = Debug|Any CPU
		Release|Any CPU = Release|Any CPU
	EndGlobalSection
	GlobalSection(ProjectConfigurationPlatforms) = postSolution
		{BD4E9ADC-FCC4-4499-BBD8-FE28FC5503B2}.Debug|Any CPU.ActiveCfg = Debug|Any CPU
		{BD4E9ADC-FCC4-4499-BBD8-FE28FC5503B2}.Debug|Any CPU.Build.0 = Debug|Any CPU
		{BD4E9ADC-FCC4-4499-BBD8-FE28FC5503B2}.Release|Any CPU.ActiveCfg = Release|Any CPU
		{BD4E9ADC-FCC4-4499-BBD8-FE28FC5503B2}.Release|Any CPU.Build.0 = Release|Any CPU
		{4939D63A-0CCA-4CF1-9A05-414F91759896}.Debug|Any CPU.ActiveCfg = Debug|Any CPU
		{4939D63A-0CCA-4CF1-9A05-414F91759896}.Debug|Any CPU.Build.0 = Debug|Any CPU
		{4939D63A-0CCA-4CF1-9A05-414F91759896}.Release|Any CPU.ActiveCfg = Release|Any CPU
		{4939D63A-0CCA-4CF1-9A05-414F91759896}.Release|Any CPU.Build.0 = Release|Any CPU
		{98CEDC84-BAC1-4A8E-AA7E-67DB7E62AAD9}.Debug|Any CPU.ActiveCfg = Debug|Any CPU
		{98CEDC84-BAC1-4A8E-AA7E-67DB7E62AAD9}.Debug|Any CPU.Build.0 = Debug|Any CPU
		{98CEDC84-BAC1-4A8E-AA7E-67DB7E62AAD9}.Release|Any CPU.ActiveCfg = Release|Any CPU
		{98CEDC84-BAC1-4A8E-AA7E-67DB7E62AAD9}.Release|Any CPU.Build.0 = Release|Any CPU
		{D971C81E-F644-476B-93C3-3C3C0ED4AB8F}.Debug|Any CPU.ActiveCfg = Debug|Any CPU
		{D971C81E-F644-476B-93C3-3C3C0ED4AB8F}.Debug|Any CPU.Build.0 = Debug|Any CPU
		{D971C81E-F644-476B-93C3-3C3C0ED4AB8F}.Release|Any CPU.ActiveCfg = Release|Any CPU
		{D971C81E-F644-476B-93C3-3C3C0ED4AB8F}.Release|Any CPU.Build.0 = Release|Any CPU
	EndGlobalSection
EndGlobal
